# This file is automatically @generated by Cargo.
# It is not intended for manual editing.
version = 4

[[package]]
name = "anyhow"
version = "1.0.103"
source = "registry+https://github.com/rust-lang/crates.io-index"
checksum = "2a4385e2e34eb35d6b3efe798b9eb88096925d87726c0798709bf56d9ed84af3"

[[package]]
name = "cargo-cgp"
version = "0.1.0"
dependencies = [
 "anyhow",
 "semver",
]

[[package]]
name = "cargo-cgp-driver"
version = "0.1.0"
dependencies = [
 "cargo-cgp-error-processing",
]

[[package]]
name = "cargo-cgp-error-processing"
version = "0.1.0"
dependencies = [
 "termtree",
]

[[package]]
name = "cargo-cgp-ui-tests"
version = "0.1.0"

[[package]]
name = "semver"
version = "1.0.28"
source = "registry+https://github.com/rust-lang/crates.io-index"
checksum = "8a7852d02fc848982e0c167ef163aaff9cd91dc640ba85e263cb1ce46fae51cd"

[[package]]
name = "termtree"
version = "1.0.0"
source = "registry+https://github.com/rust-lang/crates.io-index"
checksum = "d4d1330fe7f7f872cd05165130b10602d667b205fd85be09be2814b115d4ced9"
