# This file is automatically @generated by Cargo.
# It is not intended for manual editing.
version = 4

[[package]]
name = "cargo-cgp-tests"
version = "0.1.0"
dependencies = [
 "cgp",
]

[[package]]
name = "cgp"
version = "0.8.0-alpha"
dependencies = [
 "cgp-core",
 "cgp-extra",
]

[[package]]
name = "cgp-async-macro"
version = "0.8.0-alpha"
dependencies = [
 "proc-macro2",
 "quote",
 "syn",
]

[[package]]
name = "cgp-base"
version = "0.8.0-alpha"
dependencies = [
 "cgp-base-types",
 "cgp-component",
 "cgp-macro",
]

[[package]]
name = "cgp-base-extra"
version = "0.8.0-alpha"
dependencies = [
 "cgp-base",
 "cgp-type",
]

[[package]]
name = "cgp-base-types"
version = "0.8.0-alpha"

[[package]]
name = "cgp-component"
version = "0.8.0-alpha"

[[package]]
name = "cgp-core"
version = "0.8.0-alpha"
dependencies = [
 "cgp-async-macro",
 "cgp-base",
 "cgp-component",
 "cgp-error",
 "cgp-field",
 "cgp-macro",
 "cgp-type",
]

[[package]]
name = "cgp-dispatch"
version = "0.8.0-alpha"
dependencies = [
 "cgp-core",
 "cgp-handler",
 "cgp-monad",
]

[[package]]
name = "cgp-error"
version = "0.8.0-alpha"
dependencies = [
 "cgp-base-extra",
 "cgp-field",
 "cgp-macro",
 "cgp-type",
]

[[package]]
name = "cgp-error-extra"
version = "0.8.0-alpha"
dependencies = [
 "cgp-core",
]

[[package]]
name = "cgp-extra"
version = "0.8.0-alpha"
dependencies = [
 "cgp-core",
 "cgp-dispatch",
 "cgp-error-extra",
 "cgp-extra-macro",
 "cgp-field-extra",
 "cgp-handler",
 "cgp-monad",
 "cgp-run",
 "cgp-runtime",
]

[[package]]
name = "cgp-extra-macro"
version = "0.8.0-alpha"
dependencies = [
 "cgp-extra-macro-lib",
 "syn",
]

[[package]]
name = "cgp-extra-macro-lib"
version = "0.8.0-alpha"
dependencies = [
 "cgp-macro-core",
 "proc-macro2",
 "quote",
 "syn",
]

[[package]]
name = "cgp-field"
version = "0.8.0-alpha"
dependencies = [
 "cgp-base-types",
 "cgp-component",
 "cgp-type",
]

[[package]]
name = "cgp-field-extra"
version = "0.8.0-alpha"
dependencies = [
 "cgp-field",
]

[[package]]
name = "cgp-handler"
version = "0.8.0-alpha"
dependencies = [
 "cgp-core",
]

[[package]]
name = "cgp-macro"
version = "0.8.0-alpha"
dependencies = [
 "cgp-macro-lib",
 "syn",
]

[[package]]
name = "cgp-macro-core"
version = "0.8.0-alpha"
dependencies = [
 "itertools",
 "proc-macro2",
 "quote",
 "syn",
]

[[package]]
name = "cgp-macro-lib"
version = "0.8.0-alpha"
dependencies = [
 "cgp-macro-core",
 "itertools",
 "proc-macro2",
 "quote",
 "syn",
]

[[package]]
name = "cgp-monad"
version = "0.8.0-alpha"
dependencies = [
 "cgp-core",
 "cgp-handler",
]

[[package]]
name = "cgp-run"
version = "0.8.0-alpha"
dependencies = [
 "cgp-core",
]

[[package]]
name = "cgp-runtime"
version = "0.8.0-alpha"
dependencies = [
 "cgp-core",
]

[[package]]
name = "cgp-type"
version = "0.8.0-alpha"
dependencies = [
 "cgp-base",
 "cgp-component",
 "cgp-macro",
]

[[package]]
name = "either"
version = "1.16.0"
source = "registry+https://github.com/rust-lang/crates.io-index"
checksum = "91622ff5e7162018101f2fea40d6ebf4a78bbe5a49736a2020649edf9693679e"

[[package]]
name = "itertools"
version = "0.14.0"
source = "registry+https://github.com/rust-lang/crates.io-index"
checksum = "2b192c782037fadd9cfa75548310488aabdbf3d2da73885b31bd0abd03351285"
dependencies = [
 "either",
]

[[package]]
name = "proc-macro2"
version = "1.0.106"
source = "registry+https://github.com/rust-lang/crates.io-index"
checksum = "8fd00f0bb2e90d81d1044c2b32617f68fcb9fa3bb7640c23e9c748e53fb30934"
dependencies = [
 "unicode-ident",
]

[[package]]
name = "quote"
version = "1.0.46"
source = "registry+https://github.com/rust-lang/crates.io-index"
checksum = "dfbc457d0c7a0759a614551b11a6409e5951f6c7537be1f1b7682b9ae9230368"
dependencies = [
 "proc-macro2",
]

[[package]]
name = "syn"
version = "2.0.118"
source = "registry+https://github.com/rust-lang/crates.io-index"
checksum = "1b9ae57f904213ebb649ce6895b8a66c66f0203b9319718f69a5612a065b1422"
dependencies = [
 "proc-macro2",
 "quote",
 "unicode-ident",
]

[[package]]
name = "unicode-ident"
version = "1.0.24"
source = "registry+https://github.com/rust-lang/crates.io-index"
checksum = "e6e4313cd5fcd3dad5cafa179702e2b244f760991f45397d14d4ebf38247da75"
